
Microsoft Visual Studio Solution File, Format Version 12.00
# Visual Studio Version 17
VisualStudioVersion = 17.3.32819.101
MinimumVisualStudioVersion = 10.0.40219.1
Project("{9A19103F-16F7-4668-BE54-9A1E7A4F7556}") = "Bigfoot", "Bigfoot.csproj", "{B1C4C151-4347-4CEE-8650-F9D1382AD60B}"
EndProject
Global
	GlobalSection(SolutionConfigurationPlatforms) = preSolution
		Debug|Any CPU = Debug|Any CPU
		Release|Any CPU = Release|Any CPU
	EndGlobalSection
	GlobalSection(ProjectConfigurationPlatforms) = postSolution
		{B1C4C151-4347-4CEE-8650-F9D1382AD60B}.Debug|Any CPU.ActiveCfg = Debug|Any CPU
		{B1C4C151-4347-4CEE-8650-F9D1382AD60B}.Debug|Any CPU.Build.0 = Debug|Any CPU
		{B1C4C151-4347-4CEE-8650-F9D1382AD60B}.Release|Any CPU.ActiveCfg = Release|Any CPU
		{B1C4C151-4347-4CEE-8650-F9D1382AD60B}.Release|Any CPU.Build.0 = Release|Any CPU
	EndGlobalSection
	GlobalSection(SolutionProperties) = preSolution
		HideSolutionNode = FALSE
	EndGlobalSection
	GlobalSection(ExtensibilityGlobals) = postSolution
		SolutionGuid = {60EC4CE1-5AA2-4A5B-8E99-5AD6527F489A}
	EndGlobalSection
EndGlobal
